// !$*UTF8*$!
{
	archiveVersion = 1;
	classes = {
	};
	objectVersion = 77;
	objects = {

/* Begin PBXBuildFile section */
		00EF03446C33D104BB5A7987 /* ReturnKeyTitle.swift in Sources */ = {isa = PBXBuildFile; fileRef = 034A7A86DA1F1F5B4323A425 /* ReturnKeyTitle.swift */; };
		01A2009543D9BA179F37E6F0 /* LayoutMode.swift in Sources */ = {isa = PBXBuildFile; fileRef = 2DC71CFEE0A72F1981885FAD /* LayoutMode.swift */; };
		02855833FFBA19E180125288 /* AlphabetChartView.swift in Sources */ = {isa = PBXBuildFile; fileRef = 09FA93313652D135E88CF1E1 /* AlphabetChartView.swift */; };
		03EB26005A8829D9833BC73E /* PeriodShortcut.swift in Sources */ = {isa = PBXBuildFile; fileRef = 9629186B2902B46F2312505B /* PeriodShortcut.swift */; };
		06F3C1E6FB78687C12D35980 /* RuneExportTests.swift in Sources */ = {isa = PBXBuildFile; fileRef = 538EF89B2D7012D02DCC0639 /* RuneExportTests.swift */; };
		09992AB3A35C1B588264CDDF /* KeyboardViewController.swift in Sources */ = {isa = PBXBuildFile; fileRef = 7E015BC4EB2125A6F597E6DA /* KeyboardViewController.swift */; };
		10C6F47ED4334ADFA54454F7 /* KeyboardMetricsTests.swift in Sources */ = {isa = PBXBuildFile; fileRef = 169A4EB79EEE4BB091880928 /* KeyboardMetricsTests.swift */; };
		150178E1D5BE55C1EE0DF45B /* SpellCheckerTests.swift in Sources */ = {isa = PBXBuildFile; fileRef = 62E7F5B096A51669B58B9C7C /* SpellCheckerTests.swift */; };
		1538BBE1F8EF0C458D8C86A5 /* PrivacyInfo.xcprivacy in Resources */ = {isa = PBXBuildFile; fileRef = EEF43754E7EFEBEE3DBE885E /* PrivacyInfo.xcprivacy */; };
		17A9D58D634C22CCD79F2885 /* ShiftState.swift in Sources */ = {isa = PBXBuildFile; fileRef = 4CAFEA8E748BFEF65ED884D4 /* ShiftState.swift */; };
		1C069107C79837E2C3297973 /* Alphabet.swift in Sources */ = {isa = PBXBuildFile; fileRef = 17F8B191D3CC54F363C6833E /* Alphabet.swift */; };
		1EA6FFF730429068341BDF00 /* CapsLockTap.swift in Sources */ = {isa = PBXBuildFile; fileRef = F2929973F0B22C50F0B7F78F /* CapsLockTap.swift */; };
		1F0A6E91264D901B1A39145F /* EmojiCatalog.swift in Sources */ = {isa = PBXBuildFile; fileRef = FCAEB795A2B0DB6240776771 /* EmojiCatalog.swift */; };
		29C9189F074AF78A37081F79 /* AutoShift.swift in Sources */ = {isa = PBXBuildFile; fileRef = 6B4A8A0CAA11A6BA7792C758 /* AutoShift.swift */; };
		2DA166D0AFAA8F2AC37E84B5 /* LayoutMode.swift in Sources */ = {isa = PBXBuildFile; fileRef = 2DC71CFEE0A72F1981885FAD /* LayoutMode.swift */; };
		2DE81F2CF42CF4BE6A64CA7B /* RunePadView.swift in Sources */ = {isa = PBXBuildFile; fileRef = EF6A8D3881DC7EE73BFE5D2E /* RunePadView.swift */; };
		331B5919CF2D2F9CBFA2A690 /* ReturnKeyTitle.swift in Sources */ = {isa = PBXBuildFile; fileRef = 034A7A86DA1F1F5B4323A425 /* ReturnKeyTitle.swift */; };
		355E2A621A40DD358C643D33 /* SpaceTrackerTests.swift in Sources */ = {isa = PBXBuildFile; fileRef = B30913B9CC2CF7896B3DA7EA /* SpaceTrackerTests.swift */; };
		3B1AD544FB9049C01F66D17C /* Suggestions.swift in Sources */ = {isa = PBXBuildFile; fileRef = EBE29BE51A6CB3B8E9BEE8B6 /* Suggestions.swift */; };
		3D95CE3B4754F38C81174AE8 /* KeyboardLayoutTests.swift in Sources */ = {isa = PBXBuildFile; fileRef = C027840CED3A4DB8DD9A917B /* KeyboardLayoutTests.swift */; };
		3E32ACB8A0357F9BF9B701EC /* ReturnKeyTitleTests.swift in Sources */ = {isa = PBXBuildFile; fileRef = 2FEF2D03A1421B388A159704 /* ReturnKeyTitleTests.swift */; };
		3F2325A3E90AF4BA0C06004B /* RuneFont.swift in Sources */ = {isa = PBXBuildFile; fileRef = A3ECE1C4F467696024DAB04C /* RuneFont.swift */; };
		494A9D26090E51A499C6EE23 /* AutocapitalizationTests.swift in Sources */ = {isa = PBXBuildFile; fileRef = EBF5D1804587436E77458D73 /* AutocapitalizationTests.swift */; };
		4F9B122D7FBE549ABDC74519 /* SymbolGlyphView.swift in Sources */ = {isa = PBXBuildFile; fileRef = 4F8987716A1302DDC384C178 /* SymbolGlyphView.swift */; };
		524A5A430813E871860B67DA /* SuggestionsTests.swift in Sources */ = {isa = PBXBuildFile; fileRef = 34E1A88128F1BD5AF27E4A48 /* SuggestionsTests.swift */; };
		5497021A6F0AC323C422A947 /* SleepTokenKBApp.swift in Sources */ = {isa = PBXBuildFile; fileRef = 91AD1321AFA7CBB8EA75619E /* SleepTokenKBApp.swift */; };
		575D6680455D83D39675AEDF /* CapsLockTapTests.swift in Sources */ = {isa = PBXBuildFile; fileRef = 193874995F99EB2CF56ACC56 /* CapsLockTapTests.swift */; };
		57C6864CA7DA671770FF6B70 /* EnableKeyboardView.swift in Sources */ = {isa = PBXBuildFile; fileRef = 552C9BA590F343156D99A70D /* EnableKeyboardView.swift */; };
		5F238A4727EE7BDFE2B40C78 /* SuggestionBehaviourTests.swift in Sources */ = {isa = PBXBuildFile; fileRef = 06EF1787484213D9803F56C5 /* SuggestionBehaviourTests.swift */; };
		69B673D05FD3441ED63D6FC9 /* KeyboardMetrics.swift in Sources */ = {isa = PBXBuildFile; fileRef = 7C784720BF702AC00EAD916E /* KeyboardMetrics.swift */; };
		6A04ED7514E76F5FDBB2138A /* KeyRepeatTests.swift in Sources */ = {isa = PBXBuildFile; fileRef = F26CE74A2AB7629489EC2649 /* KeyRepeatTests.swift */; };
		6C5D10E5FEB1FEE1B9F5A985 /* HostField.swift in Sources */ = {isa = PBXBuildFile; fileRef = EA62FC9BC1B80D936DB64FE2 /* HostField.swift */; };
		6F15561AF34EE3F7E4BBB854 /* ThemeTests.swift in Sources */ = {isa = PBXBuildFile; fileRef = 5B1217EEFF5F8964823A8706 /* ThemeTests.swift */; };
		731F70195B7F7502E168E1D7 /* Autocapitalization.swift in Sources */ = {isa = PBXBuildFile; fileRef = A5CD42188DE62CAB9DD2E797 /* Autocapitalization.swift */; };
		76BDD0A698E5BCD375F27517 /* Theme.swift in Sources */ = {isa = PBXBuildFile; fileRef = FAD366C12A527A2E0266EEE1 /* Theme.swift */; };
		7774E551382872402C4E73B4 /* JerryHunt.swift in Sources */ = {isa = PBXBuildFile; fileRef = 7BD59817881E4F731E45CD5D /* JerryHunt.swift */; };
		79B856FC754A8E36AB4EECE0 /* PeriodShortcut.swift in Sources */ = {isa = PBXBuildFile; fileRef = 9629186B2902B46F2312505B /* PeriodShortcut.swift */; };
		7C166D6DF1651443677250F7 /* KeyPalette.swift in Sources */ = {isa = PBXBuildFile; fileRef = B7FFDCF2286E61D11706D975 /* KeyPalette.swift */; };
		7FF7C55EF2E686EBDCCE5C37 /* AlphabetTests.swift in Sources */ = {isa = PBXBuildFile; fileRef = F8F398F5432EDA25CEFEA211 /* AlphabetTests.swift */; };
		84B430F0F3178703A108A20D /* SleepTokenRunes.ttf in Resources */ = {isa = PBXBuildFile; fileRef = 8E64D0C4BB44067FF9654EC3 /* SleepTokenRunes.ttf */; };
		84C7D4FF9A9275386565E4E8 /* Assets.xcassets in Resources */ = {isa = PBXBuildFile; fileRef = A54E051FC5420CE3A2B6B172 /* Assets.xcassets */; };
		86A589639603B13DC7653154 /* ReadableWidthTests.swift in Sources */ = {isa = PBXBuildFile; fileRef = 3A5602A7FD096023BA0CAFC4 /* ReadableWidthTests.swift */; };
		8CCA69B7F95473DF3EAEF8E0 /* RuneExport.swift in Sources */ = {isa = PBXBuildFile; fileRef = D34CF559D2C60AEE4558833F /* RuneExport.swift */; };
		8CDF1518E5AF4A7B8385C199 /* KeyRepeat.swift in Sources */ = {isa = PBXBuildFile; fileRef = A3C3E2E099208283DFD8B528 /* KeyRepeat.swift */; };
		93F1C84E847CB3E7121A9814 /* KeyboardRootView.swift in Sources */ = {isa = PBXBuildFile; fileRef = A0A6A4EC0AD28FD24AE067D6 /* KeyboardRootView.swift */; };
		A5E548A515A12BDD6257C2A8 /* Alphabet.swift in Sources */ = {isa = PBXBuildFile; fileRef = 17F8B191D3CC54F363C6833E /* Alphabet.swift */; };
		A7D6071C57E9C283B268E23D /* ArcadiaRevealView.swift in Sources */ = {isa = PBXBuildFile; fileRef = 7B6F2822F0667359A689E627 /* ArcadiaRevealView.swift */; };
		ABDAEE7960F2E604A3FEBEEE /* PrivacyInfo.xcprivacy in Resources */ = {isa = PBXBuildFile; fileRef = 6E2C60A1ED5255A7B399E354 /* PrivacyInfo.xcprivacy */; };
		AC1A26ED0D8398378F9E5AE0 /* EmojiCatalogTests.swift in Sources */ = {isa = PBXBuildFile; fileRef = BCEAE8D6B08FD285C2D9F7BE /* EmojiCatalogTests.swift */; };
		AFE546B98A359326C357659F /* KeyRepeat.swift in Sources */ = {isa = PBXBuildFile; fileRef = A3C3E2E099208283DFD8B528 /* KeyRepeat.swift */; };
		B2A1A3D335F4B0C06EDAB91B /* RuneFontTests.swift in Sources */ = {isa = PBXBuildFile; fileRef = FE688E260CB2E0F3E5B8BA0C /* RuneFontTests.swift */; };
		B313D78914B713A9790D6574 /* Assets.xcassets in Resources */ = {isa = PBXBuildFile; fileRef = 3027B80208E51D6B3304FA50 /* Assets.xcassets */; };
		B560ECD3FDBE15A0F6B6BC8D /* Suggestions.swift in Sources */ = {isa = PBXBuildFile; fileRef = EBE29BE51A6CB3B8E9BEE8B6 /* Suggestions.swift */; };
		BAFF2A479A23DB3D53CB07FC /* SleepTokenKeyboard.appex in Embed Foundation Extensions */ = {isa = PBXBuildFile; fileRef = BD67C38107529CFBD5DFA9A8 /* SleepTokenKeyboard.appex */; settings = {ATTRIBUTES = (RemoveHeadersOnCopy, ); }; };
		BDC6D6F80A76F4E000DCBB0E /* AutoShift.swift in Sources */ = {isa = PBXBuildFile; fileRef = 6B4A8A0CAA11A6BA7792C758 /* AutoShift.swift */; };
		C2241404AF7DAC6A05432526 /* EmojiCatalog.swift in Sources */ = {isa = PBXBuildFile; fileRef = FCAEB795A2B0DB6240776771 /* EmojiCatalog.swift */; };
		CCF933829EDB4A1151A60E03 /* KeyboardPreferencesTests.swift in Sources */ = {isa = PBXBuildFile; fileRef = 91D3D861BDF2AC3FE450D9A0 /* KeyboardPreferencesTests.swift */; };
		CCF9E44C714ED245513AB569 /* SpellChecker.swift in Sources */ = {isa = PBXBuildFile; fileRef = C893AC6C6DCB65953F46EEA9 /* SpellChecker.swift */; };
		CF02186A21A344E4500C8337 /* CanvasMetricsTests.swift in Sources */ = {isa = PBXBuildFile; fileRef = 8CC6AA14C3002A819481F7D6 /* CanvasMetricsTests.swift */; };
		D552F6CA2BFC07986E539B0C /* ShiftStateTests.swift in Sources */ = {isa = PBXBuildFile; fileRef = FFF380D63C799184E6A67B59 /* ShiftStateTests.swift */; };
		DA5D79D9C79DD6B933A75042 /* JerryHuntTests.swift in Sources */ = {isa = PBXBuildFile; fileRef = DB174ED028252D27375F7E3C /* JerryHuntTests.swift */; };
		DCAB232C8F6D8D6F81AE0552 /* LayoutModeTests.swift in Sources */ = {isa = PBXBuildFile; fileRef = 9FFDCB708F5C31C5A3A08C77 /* LayoutModeTests.swift */; };
		DD4214EEAAA250B612B47B23 /* SpaceTracker.swift in Sources */ = {isa = PBXBuildFile; fileRef = 2A88EA39EABC548CE19DBF3F /* SpaceTracker.swift */; };
		E02D1A18B5F4B915AE14E8B4 /* ThemeContrastTests.swift in Sources */ = {isa = PBXBuildFile; fileRef = 470F58C1F47DF1878016A2CF /* ThemeContrastTests.swift */; };
		E7603E6FDDF6B258CCA53197 /* SymbolGlyphView.swift in Sources */ = {isa = PBXBuildFile; fileRef = 4F8987716A1302DDC384C178 /* SymbolGlyphView.swift */; };
		E94ACC45286AF4F3790D9804 /* AutoShiftTests.swift in Sources */ = {isa = PBXBuildFile; fileRef = 5640E5146F360D6A5E47DD36 /* AutoShiftTests.swift */; };
		EA042CC99C654D8B7B6EADDD /* PageParityTests.swift in Sources */ = {isa = PBXBuildFile; fileRef = D38C0D5C4D0E40F0E1895ACF /* PageParityTests.swift */; };
		EB6C02B83B7D5AAE2E33D972 /* ContentView.swift in Sources */ = {isa = PBXBuildFile; fileRef = 9A8C769BA84F84C9A399166F /* ContentView.swift */; };
		ECA44F0633E84F25956BC089 /* KeyboardMetrics.swift in Sources */ = {isa = PBXBuildFile; fileRef = 7C784720BF702AC00EAD916E /* KeyboardMetrics.swift */; };
		F07842098E22FB7E15CC851B /* CapsLockTap.swift in Sources */ = {isa = PBXBuildFile; fileRef = F2929973F0B22C50F0B7F78F /* CapsLockTap.swift */; };
		F2CC7DFCC64884EE7891C849 /* Autocapitalization.swift in Sources */ = {isa = PBXBuildFile; fileRef = A5CD42188DE62CAB9DD2E797 /* Autocapitalization.swift */; };
		F574B07F87156C0EDE13C0C4 /* ShiftState.swift in Sources */ = {isa = PBXBuildFile; fileRef = 4CAFEA8E748BFEF65ED884D4 /* ShiftState.swift */; };
		F61A8DF54444A92F24AD1B10 /* RuneCanvas.swift in Sources */ = {isa = PBXBuildFile; fileRef = B17A5FE4C09C83C14AE57624 /* RuneCanvas.swift */; };
		F6A48E898292917D44243D10 /* SpaceTracker.swift in Sources */ = {isa = PBXBuildFile; fileRef = 2A88EA39EABC548CE19DBF3F /* SpaceTracker.swift */; };
		FF245544F3A2999030474BEC /* PeriodShortcutTests.swift in Sources */ = {isa = PBXBuildFile; fileRef = 3CAD573554E150B9EB32650B /* PeriodShortcutTests.swift */; };
/* End PBXBuildFile section */

/* Begin PBXContainerItemProxy section */
		C0A24F49BD015A93A99B65E8 /* PBXContainerItemProxy */ = {
			isa = PBXContainerItemProxy;
			containerPortal = 279A74CD1B308620D2E4D882 /* Project object */;
			proxyType = 1;
			remoteGlobalIDString = C2FCFE85A237CB67B6331672;
			remoteInfo = SleepTokenKB;
		};
		F19C6DAD01A4E5D87D857CDB /* PBXContainerItemProxy */ = {
			isa = PBXContainerItemProxy;
			containerPortal = 279A74CD1B308620D2E4D882 /* Project object */;
			proxyType = 1;
			remoteGlobalIDString = F5BAE3138B44BE95BB2CCB6E;
			remoteInfo = SleepTokenKeyboard;
		};
/* End PBXContainerItemProxy section */

/* Begin PBXCopyFilesBuildPhase section */
		D7F89DEA51AAF8AAAC09D51C /* Embed Foundation Extensions */ = {
			isa = PBXCopyFilesBuildPhase;
			buildActionMask = 2147483647;
			dstPath = "";
			dstSubfolderSpec = 13;
			files = (
				BAFF2A479A23DB3D53CB07FC /* SleepTokenKeyboard.appex in Embed Foundation Extensions */,
			);
			name = "Embed Foundation Extensions";
			runOnlyForDeploymentPostprocessing = 0;
		};
/* End PBXCopyFilesBuildPhase section */

/* Begin PBXFileReference section */
		034A7A86DA1F1F5B4323A425 /* ReturnKeyTitle.swift */ = {isa = PBXFileReference; lastKnownFileType = sourcecode.swift; path = ReturnKeyTitle.swift; sourceTree = "<group>"; };
		06EF1787484213D9803F56C5 /* SuggestionBehaviourTests.swift */ = {isa = PBXFileReference; lastKnownFileType = sourcecode.swift; path = SuggestionBehaviourTests.swift; sourceTree = "<group>"; };
		09FA93313652D135E88CF1E1 /* AlphabetChartView.swift */ = {isa = PBXFileReference; lastKnownFileType = sourcecode.swift; path = AlphabetChartView.swift; sourceTree = "<group>"; };
		169A4EB79EEE4BB091880928 /* KeyboardMetricsTests.swift */ = {isa = PBXFileReference; lastKnownFileType = sourcecode.swift; path = KeyboardMetricsTests.swift; sourceTree = "<group>"; };
		17F8B191D3CC54F363C6833E /* Alphabet.swift */ = {isa = PBXFileReference; lastKnownFileType = sourcecode.swift; path = Alphabet.swift; sourceTree = "<group>"; };
		193874995F99EB2CF56ACC56 /* CapsLockTapTests.swift */ = {isa = PBXFileReference; lastKnownFileType = sourcecode.swift; path = CapsLockTapTests.swift; sourceTree = "<group>"; };
		2A88EA39EABC548CE19DBF3F /* SpaceTracker.swift */ = {isa = PBXFileReference; lastKnownFileType = sourcecode.swift; path = SpaceTracker.swift; sourceTree = "<group>"; };
		2DC71CFEE0A72F1981885FAD /* LayoutMode.swift */ = {isa = PBXFileReference; lastKnownFileType = sourcecode.swift; path = LayoutMode.swift; sourceTree = "<group>"; };
		2FEF2D03A1421B388A159704 /* ReturnKeyTitleTests.swift */ = {isa = PBXFileReference; lastKnownFileType = sourcecode.swift; path = ReturnKeyTitleTests.swift; sourceTree = "<group>"; };
		3027B80208E51D6B3304FA50 /* Assets.xcassets */ = {isa = PBXFileReference; lastKnownFileType = folder.assetcatalog; path = Assets.xcassets; sourceTree = "<group>"; };
		34E1A88128F1BD5AF27E4A48 /* SuggestionsTests.swift */ = {isa = PBXFileReference; lastKnownFileType = sourcecode.swift; path = SuggestionsTests.swift; sourceTree = "<group>"; };
		3A5602A7FD096023BA0CAFC4 /* ReadableWidthTests.swift */ = {isa = PBXFileReference; lastKnownFileType = sourcecode.swift; path = ReadableWidthTests.swift; sourceTree = "<group>"; };
		3CAD573554E150B9EB32650B /* PeriodShortcutTests.swift */ = {isa = PBXFileReference; lastKnownFileType = sourcecode.swift; path = PeriodShortcutTests.swift; sourceTree = "<group>"; };
		434AC2364F4B983B3DD35DB4 /* Info.plist */ = {isa = PBXFileReference; lastKnownFileType = text.plist; path = Info.plist; sourceTree = "<group>"; };
		470F58C1F47DF1878016A2CF /* ThemeContrastTests.swift */ = {isa = PBXFileReference; lastKnownFileType = sourcecode.swift; path = ThemeContrastTests.swift; sourceTree = "<group>"; };
		4CAFEA8E748BFEF65ED884D4 /* ShiftState.swift */ = {isa = PBXFileReference; lastKnownFileType = sourcecode.swift; path = ShiftState.swift; sourceTree = "<group>"; };
		4F8987716A1302DDC384C178 /* SymbolGlyphView.swift */ = {isa = PBXFileReference; lastKnownFileType = sourcecode.swift; path = SymbolGlyphView.swift; sourceTree = "<group>"; };
		538EF89B2D7012D02DCC0639 /* RuneExportTests.swift */ = {isa = PBXFileReference; lastKnownFileType = sourcecode.swift; path = RuneExportTests.swift; sourceTree = "<group>"; };
		552C9BA590F343156D99A70D /* EnableKeyboardView.swift */ = {isa = PBXFileReference; lastKnownFileType = sourcecode.swift; path = EnableKeyboardView.swift; sourceTree = "<group>"; };
		5640E5146F360D6A5E47DD36 /* AutoShiftTests.swift */ = {isa = PBXFileReference; lastKnownFileType = sourcecode.swift; path = AutoShiftTests.swift; sourceTree = "<group>"; };
		588BCFC4A4EB5774183C06C3 /* SleepTokenKeyboard.entitlements */ = {isa = PBXFileReference; lastKnownFileType = text.plist.entitlements; path = SleepTokenKeyboard.entitlements; sourceTree = "<group>"; };
		5B1217EEFF5F8964823A8706 /* ThemeTests.swift */ = {isa = PBXFileReference; lastKnownFileType = sourcecode.swift; path = ThemeTests.swift; sourceTree = "<group>"; };
		62E7F5B096A51669B58B9C7C /* SpellCheckerTests.swift */ = {isa = PBXFileReference; lastKnownFileType = sourcecode.swift; path = SpellCheckerTests.swift; sourceTree = "<group>"; };
		6B4A8A0CAA11A6BA7792C758 /* AutoShift.swift */ = {isa = PBXFileReference; lastKnownFileType = sourcecode.swift; path = AutoShift.swift; sourceTree = "<group>"; };
		6E2C60A1ED5255A7B399E354 /* PrivacyInfo.xcprivacy */ = {isa = PBXFileReference; path = PrivacyInfo.xcprivacy; sourceTree = "<group>"; };
		75BF6E6C381599E1617A8935 /* Info.plist */ = {isa = PBXFileReference; lastKnownFileType = text.plist; path = Info.plist; sourceTree = "<group>"; };
		7B6F2822F0667359A689E627 /* ArcadiaRevealView.swift */ = {isa = PBXFileReference; lastKnownFileType = sourcecode.swift; path = ArcadiaRevealView.swift; sourceTree = "<group>"; };
		7BD59817881E4F731E45CD5D /* JerryHunt.swift */ = {isa = PBXFileReference; lastKnownFileType = sourcecode.swift; path = JerryHunt.swift; sourceTree = "<group>"; };
		7C784720BF702AC00EAD916E /* KeyboardMetrics.swift */ = {isa = PBXFileReference; lastKnownFileType = sourcecode.swift; path = KeyboardMetrics.swift; sourceTree = "<group>"; };
		7E015BC4EB2125A6F597E6DA /* KeyboardViewController.swift */ = {isa = PBXFileReference; lastKnownFileType = sourcecode.swift; path = KeyboardViewController.swift; sourceTree = "<group>"; };
		8CC6AA14C3002A819481F7D6 /* CanvasMetricsTests.swift */ = {isa = PBXFileReference; lastKnownFileType = sourcecode.swift; path = CanvasMetricsTests.swift; sourceTree = "<group>"; };
		8E64D0C4BB44067FF9654EC3 /* SleepTokenRunes.ttf */ = {isa = PBXFileReference; lastKnownFileType = file; path = SleepTokenRunes.ttf; sourceTree = "<group>"; };
		91AD1321AFA7CBB8EA75619E /* SleepTokenKBApp.swift */ = {isa = PBXFileReference; lastKnownFileType = sourcecode.swift; path = SleepTokenKBApp.swift; sourceTree = "<group>"; };
		91D3D861BDF2AC3FE450D9A0 /* KeyboardPreferencesTests.swift */ = {isa = PBXFileReference; lastKnownFileType = sourcecode.swift; path = KeyboardPreferencesTests.swift; sourceTree = "<group>"; };
		9629186B2902B46F2312505B /* PeriodShortcut.swift */ = {isa = PBXFileReference; lastKnownFileType = sourcecode.swift; path = PeriodShortcut.swift; sourceTree = "<group>"; };
		9A8C769BA84F84C9A399166F /* ContentView.swift */ = {isa = PBXFileReference; lastKnownFileType = sourcecode.swift; path = ContentView.swift; sourceTree = "<group>"; };
		9DB56AC28FA4520F0B1900BE /* SleepTokenKBTests.xctest */ = {isa = PBXFileReference; includeInIndex = 0; lastKnownFileType = wrapper.cfbundle; path = SleepTokenKBTests.xctest; sourceTree = BUILT_PRODUCTS_DIR; };
		9FFDCB708F5C31C5A3A08C77 /* LayoutModeTests.swift */ = {isa = PBXFileReference; lastKnownFileType = sourcecode.swift; path = LayoutModeTests.swift; sourceTree = "<group>"; };
		A0A6A4EC0AD28FD24AE067D6 /* KeyboardRootView.swift */ = {isa = PBXFileReference; lastKnownFileType = sourcecode.swift; path = KeyboardRootView.swift; sourceTree = "<group>"; };
		A3C3E2E099208283DFD8B528 /* KeyRepeat.swift */ = {isa = PBXFileReference; lastKnownFileType = sourcecode.swift; path = KeyRepeat.swift; sourceTree = "<group>"; };
		A3ECE1C4F467696024DAB04C /* RuneFont.swift */ = {isa = PBXFileReference; lastKnownFileType = sourcecode.swift; path = RuneFont.swift; sourceTree = "<group>"; };
		A54E051FC5420CE3A2B6B172 /* Assets.xcassets */ = {isa = PBXFileReference; lastKnownFileType = folder.assetcatalog; path = Assets.xcassets; sourceTree = "<group>"; };
		A5CD42188DE62CAB9DD2E797 /* Autocapitalization.swift */ = {isa = PBXFileReference; lastKnownFileType = sourcecode.swift; path = Autocapitalization.swift; sourceTree = "<group>"; };
		B17A5FE4C09C83C14AE57624 /* RuneCanvas.swift */ = {isa = PBXFileReference; lastKnownFileType = sourcecode.swift; path = RuneCanvas.swift; sourceTree = "<group>"; };
		B30913B9CC2CF7896B3DA7EA /* SpaceTrackerTests.swift */ = {isa = PBXFileReference; lastKnownFileType = sourcecode.swift; path = SpaceTrackerTests.swift; sourceTree = "<group>"; };
		B7FFDCF2286E61D11706D975 /* KeyPalette.swift */ = {isa = PBXFileReference; lastKnownFileType = sourcecode.swift; path = KeyPalette.swift; sourceTree = "<group>"; };
		BCEAE8D6B08FD285C2D9F7BE /* EmojiCatalogTests.swift */ = {isa = PBXFileReference; lastKnownFileType = sourcecode.swift; path = EmojiCatalogTests.swift; sourceTree = "<group>"; };
		BD67C38107529CFBD5DFA9A8 /* SleepTokenKeyboard.appex */ = {isa = PBXFileReference; includeInIndex = 0; lastKnownFileType = "wrapper.app-extension"; path = SleepTokenKeyboard.appex; sourceTree = BUILT_PRODUCTS_DIR; };
		C027840CED3A4DB8DD9A917B /* KeyboardLayoutTests.swift */ = {isa = PBXFileReference; lastKnownFileType = sourcecode.swift; path = KeyboardLayoutTests.swift; sourceTree = "<group>"; };
		C893AC6C6DCB65953F46EEA9 /* SpellChecker.swift */ = {isa = PBXFileReference; lastKnownFileType = sourcecode.swift; path = SpellChecker.swift; sourceTree = "<group>"; };
		D1C5A0DCB6F05CB00209375A /* SleepTokenKB.app */ = {isa = PBXFileReference; includeInIndex = 0; lastKnownFileType = wrapper.application; path = SleepTokenKB.app; sourceTree = BUILT_PRODUCTS_DIR; };
		D34CF559D2C60AEE4558833F /* RuneExport.swift */ = {isa = PBXFileReference; lastKnownFileType = sourcecode.swift; path = RuneExport.swift; sourceTree = "<group>"; };
		D38C0D5C4D0E40F0E1895ACF /* PageParityTests.swift */ = {isa = PBXFileReference; lastKnownFileType = sourcecode.swift; path = PageParityTests.swift; sourceTree = "<group>"; };
		D869B07816C79E1AA3784CE4 /* SleepTokenKB.entitlements */ = {isa = PBXFileReference; lastKnownFileType = text.plist.entitlements; path = SleepTokenKB.entitlements; sourceTree = "<group>"; };
		DB174ED028252D27375F7E3C /* JerryHuntTests.swift */ = {isa = PBXFileReference; lastKnownFileType = sourcecode.swift; path = JerryHuntTests.swift; sourceTree = "<group>"; };
		EA62FC9BC1B80D936DB64FE2 /* HostField.swift */ = {isa = PBXFileReference; lastKnownFileType = sourcecode.swift; path = HostField.swift; sourceTree = "<group>"; };
		EBE29BE51A6CB3B8E9BEE8B6 /* Suggestions.swift */ = {isa = PBXFileReference; lastKnownFileType = sourcecode.swift; path = Suggestions.swift; sourceTree = "<group>"; };
		EBF5D1804587436E77458D73 /* AutocapitalizationTests.swift */ = {isa = PBXFileReference; lastKnownFileType = sourcecode.swift; path = AutocapitalizationTests.swift; sourceTree = "<group>"; };
		EEF43754E7EFEBEE3DBE885E /* PrivacyInfo.xcprivacy */ = {isa = PBXFileReference; path = PrivacyInfo.xcprivacy; sourceTree = "<group>"; };
		EF6A8D3881DC7EE73BFE5D2E /* RunePadView.swift */ = {isa = PBXFileReference; lastKnownFileType = sourcecode.swift; path = RunePadView.swift; sourceTree = "<group>"; };
		F26CE74A2AB7629489EC2649 /* KeyRepeatTests.swift */ = {isa = PBXFileReference; lastKnownFileType = sourcecode.swift; path = KeyRepeatTests.swift; sourceTree = "<group>"; };
		F2929973F0B22C50F0B7F78F /* CapsLockTap.swift */ = {isa = PBXFileReference; lastKnownFileType = sourcecode.swift; path = CapsLockTap.swift; sourceTree = "<group>"; };
		F8F398F5432EDA25CEFEA211 /* AlphabetTests.swift */ = {isa = PBXFileReference; lastKnownFileType = sourcecode.swift; path = AlphabetTests.swift; sourceTree = "<group>"; };
		FAD366C12A527A2E0266EEE1 /* Theme.swift */ = {isa = PBXFileReference; lastKnownFileType = sourcecode.swift; path = Theme.swift; sourceTree = "<group>"; };
		FCAEB795A2B0DB6240776771 /* EmojiCatalog.swift */ = {isa = PBXFileReference; lastKnownFileType = sourcecode.swift; path = EmojiCatalog.swift; sourceTree = "<group>"; };
		FE688E260CB2E0F3E5B8BA0C /* RuneFontTests.swift */ = {isa = PBXFileReference; lastKnownFileType = sourcecode.swift; path = RuneFontTests.swift; sourceTree = "<group>"; };
		FFF380D63C799184E6A67B59 /* ShiftStateTests.swift */ = {isa = PBXFileReference; lastKnownFileType = sourcecode.swift; path = ShiftStateTests.swift; sourceTree = "<group>"; };
/* End PBXFileReference section */

/* Begin PBXGroup section */
		03E0C76C347D5295E46B212C /* Shared */ = {
			isa = PBXGroup;
			children = (
				17F8B191D3CC54F363C6833E /* Alphabet.swift */,
				A5CD42188DE62CAB9DD2E797 /* Autocapitalization.swift */,
				6B4A8A0CAA11A6BA7792C758 /* AutoShift.swift */,
				F2929973F0B22C50F0B7F78F /* CapsLockTap.swift */,
				FCAEB795A2B0DB6240776771 /* EmojiCatalog.swift */,
				7C784720BF702AC00EAD916E /* KeyboardMetrics.swift */,
				A3C3E2E099208283DFD8B528 /* KeyRepeat.swift */,
				2DC71CFEE0A72F1981885FAD /* LayoutMode.swift */,
				9629186B2902B46F2312505B /* PeriodShortcut.swift */,
				034A7A86DA1F1F5B4323A425 /* ReturnKeyTitle.swift */,
				A3ECE1C4F467696024DAB04C /* RuneFont.swift */,
				4CAFEA8E748BFEF65ED884D4 /* ShiftState.swift */,
				2A88EA39EABC548CE19DBF3F /* SpaceTracker.swift */,
				EBE29BE51A6CB3B8E9BEE8B6 /* Suggestions.swift */,
				4F8987716A1302DDC384C178 /* SymbolGlyphView.swift */,
			);
			path = Shared;
			sourceTree = "<group>";
		};
		1A8C5B4093D8A5345055BC76 /* SleepTokenKeyboard */ = {
			isa = PBXGroup;
			children = (
				A54E051FC5420CE3A2B6B172 /* Assets.xcassets */,
				EA62FC9BC1B80D936DB64FE2 /* HostField.swift */,
				434AC2364F4B983B3DD35DB4 /* Info.plist */,
				A0A6A4EC0AD28FD24AE067D6 /* KeyboardRootView.swift */,
				7E015BC4EB2125A6F597E6DA /* KeyboardViewController.swift */,
				B7FFDCF2286E61D11706D975 /* KeyPalette.swift */,
				EEF43754E7EFEBEE3DBE885E /* PrivacyInfo.xcprivacy */,
				588BCFC4A4EB5774183C06C3 /* SleepTokenKeyboard.entitlements */,
			);
			path = SleepTokenKeyboard;
			sourceTree = "<group>";
		};
		34BADA27C3A2F52AF89F07B2 /* SleepTokenKBTests */ = {
			isa = PBXGroup;
			children = (
				F8F398F5432EDA25CEFEA211 /* AlphabetTests.swift */,
				EBF5D1804587436E77458D73 /* AutocapitalizationTests.swift */,
				5640E5146F360D6A5E47DD36 /* AutoShiftTests.swift */,
				8CC6AA14C3002A819481F7D6 /* CanvasMetricsTests.swift */,
				193874995F99EB2CF56ACC56 /* CapsLockTapTests.swift */,
				BCEAE8D6B08FD285C2D9F7BE /* EmojiCatalogTests.swift */,
				DB174ED028252D27375F7E3C /* JerryHuntTests.swift */,
				C027840CED3A4DB8DD9A917B /* KeyboardLayoutTests.swift */,
				169A4EB79EEE4BB091880928 /* KeyboardMetricsTests.swift */,
				91D3D861BDF2AC3FE450D9A0 /* KeyboardPreferencesTests.swift */,
				F26CE74A2AB7629489EC2649 /* KeyRepeatTests.swift */,
				9FFDCB708F5C31C5A3A08C77 /* LayoutModeTests.swift */,
				D38C0D5C4D0E40F0E1895ACF /* PageParityTests.swift */,
				3CAD573554E150B9EB32650B /* PeriodShortcutTests.swift */,
				3A5602A7FD096023BA0CAFC4 /* ReadableWidthTests.swift */,
				2FEF2D03A1421B388A159704 /* ReturnKeyTitleTests.swift */,
				538EF89B2D7012D02DCC0639 /* RuneExportTests.swift */,
				FE688E260CB2E0F3E5B8BA0C /* RuneFontTests.swift */,
				FFF380D63C799184E6A67B59 /* ShiftStateTests.swift */,
				B30913B9CC2CF7896B3DA7EA /* SpaceTrackerTests.swift */,
				62E7F5B096A51669B58B9C7C /* SpellCheckerTests.swift */,
				06EF1787484213D9803F56C5 /* SuggestionBehaviourTests.swift */,
				34E1A88128F1BD5AF27E4A48 /* SuggestionsTests.swift */,
				470F58C1F47DF1878016A2CF /* ThemeContrastTests.swift */,
				5B1217EEFF5F8964823A8706 /* ThemeTests.swift */,
			);
			path = SleepTokenKBTests;
			sourceTree = "<group>";
		};
		44DC00735123BC33CABE8634 = {
			isa = PBXGroup;
			children = (
				03E0C76C347D5295E46B212C /* Shared */,
				7E24843B476DA614AA3C65D3 /* SleepTokenKB */,
				34BADA27C3A2F52AF89F07B2 /* SleepTokenKBTests */,
				1A8C5B4093D8A5345055BC76 /* SleepTokenKeyboard */,
				9BB0FC983C77B601E30D78AC /* Products */,
			);
			sourceTree = "<group>";
		};
		7E24843B476DA614AA3C65D3 /* SleepTokenKB */ = {
			isa = PBXGroup;
			children = (
				09FA93313652D135E88CF1E1 /* AlphabetChartView.swift */,
				7B6F2822F0667359A689E627 /* ArcadiaRevealView.swift */,
				3027B80208E51D6B3304FA50 /* Assets.xcassets */,
				9A8C769BA84F84C9A399166F /* ContentView.swift */,
				552C9BA590F343156D99A70D /* EnableKeyboardView.swift */,
				75BF6E6C381599E1617A8935 /* Info.plist */,
				7BD59817881E4F731E45CD5D /* JerryHunt.swift */,
				6E2C60A1ED5255A7B399E354 /* PrivacyInfo.xcprivacy */,
				B17A5FE4C09C83C14AE57624 /* RuneCanvas.swift */,
				D34CF559D2C60AEE4558833F /* RuneExport.swift */,
				EF6A8D3881DC7EE73BFE5D2E /* RunePadView.swift */,
				D869B07816C79E1AA3784CE4 /* SleepTokenKB.entitlements */,
				91AD1321AFA7CBB8EA75619E /* SleepTokenKBApp.swift */,
				8E64D0C4BB44067FF9654EC3 /* SleepTokenRunes.ttf */,
				C893AC6C6DCB65953F46EEA9 /* SpellChecker.swift */,
				FAD366C12A527A2E0266EEE1 /* Theme.swift */,
			);
			path = SleepTokenKB;
			sourceTree = "<group>";
		};
		9BB0FC983C77B601E30D78AC /* Products */ = {
			isa = PBXGroup;
			children = (
				D1C5A0DCB6F05CB00209375A /* SleepTokenKB.app */,
				9DB56AC28FA4520F0B1900BE /* SleepTokenKBTests.xctest */,
				BD67C38107529CFBD5DFA9A8 /* SleepTokenKeyboard.appex */,
			);
			name = Products;
			sourceTree = "<group>";
		};
/* End PBXGroup section */

/* Begin PBXNativeTarget section */
		0623315E88E214084B21DF26 /* SleepTokenKBTests */ = {
			isa = PBXNativeTarget;
			buildConfigurationList = D945B488742276AA5D29E331 /* Build configuration list for PBXNativeTarget "SleepTokenKBTests" */;
			buildPhases = (
				8A4649F911F3CAA0F33EDEED /* Sources */,
			);
			buildRules = (
			);
			dependencies = (
				630F2F39639F5FB634756251 /* PBXTargetDependency */,
			);
			name = SleepTokenKBTests;
			packageProductDependencies = (
			);
			productName = SleepTokenKBTests;
			productReference = 9DB56AC28FA4520F0B1900BE /* SleepTokenKBTests.xctest */;
			productType = "com.apple.product-type.bundle.unit-test";
		};
		C2FCFE85A237CB67B6331672 /* SleepTokenKB */ = {
			isa = PBXNativeTarget;
			buildConfigurationList = 561F2EBCCAC3E9CE2BD14F7A /* Build configuration list for PBXNativeTarget "SleepTokenKB" */;
			buildPhases = (
				2B9710A89399A57C002A8E84 /* Sources */,
				6CF6029F3B6E73B538C90D8D /* Resources */,
				D7F89DEA51AAF8AAAC09D51C /* Embed Foundation Extensions */,
			);
			buildRules = (
			);
			dependencies = (
				FAE9B09F720A976AC4987703 /* PBXTargetDependency */,
			);
			name = SleepTokenKB;
			packageProductDependencies = (
			);
			productName = SleepTokenKB;
			productReference = D1C5A0DCB6F05CB00209375A /* SleepTokenKB.app */;
			productType = "com.apple.product-type.application";
		};
		F5BAE3138B44BE95BB2CCB6E /* SleepTokenKeyboard */ = {
			isa = PBXNativeTarget;
			buildConfigurationList = 64B8370131481BCB959E5678 /* Build configuration list for PBXNativeTarget "SleepTokenKeyboard" */;
			buildPhases = (
				E6246C65BDE231794123D9E0 /* Sources */,
				BDC12A3EB2AD8607F6D9C7BB /* Resources */,
			);
			buildRules = (
			);
			dependencies = (
			);
			name = SleepTokenKeyboard;
			packageProductDependencies = (
			);
			productName = SleepTokenKeyboard;
			productReference = BD67C38107529CFBD5DFA9A8 /* SleepTokenKeyboard.appex */;
			productType = "com.apple.product-type.app-extension";
		};
/* End PBXNativeTarget section */

/* Begin PBXProject section */
		279A74CD1B308620D2E4D882 /* Project object */ = {
			isa = PBXProject;
			attributes = {
				BuildIndependentTargetsInParallel = YES;
				LastUpgradeCheck = 1430;
				TargetAttributes = {
					0623315E88E214084B21DF26 = {
						DevelopmentTeam = SGS94RW73Z;
						ProvisioningStyle = Automatic;
					};
					C2FCFE85A237CB67B6331672 = {
						DevelopmentTeam = SGS94RW73Z;
						ProvisioningStyle = Automatic;
					};
					F5BAE3138B44BE95BB2CCB6E = {
						DevelopmentTeam = SGS94RW73Z;
						ProvisioningStyle = Automatic;
					};
				};
			};
			buildConfigurationList = 42D5A12BBE87FEED0EC13FBF /* Build configuration list for PBXProject "SleepTokenKB" */;
			developmentRegion = en;
			hasScannedForEncodings = 0;
			knownRegions = (
				Base,
				en,
			);
			mainGroup = 44DC00735123BC33CABE8634;
			minimizedProjectReferenceProxies = 1;
			preferredProjectObjectVersion = 77;
			productRefGroup = 9BB0FC983C77B601E30D78AC /* Products */;
			projectDirPath = "";
			projectRoot = "";
			targets = (
				C2FCFE85A237CB67B6331672 /* SleepTokenKB */,
				F5BAE3138B44BE95BB2CCB6E /* SleepTokenKeyboard */,
				0623315E88E214084B21DF26 /* SleepTokenKBTests */,
			);
		};
/* End PBXProject section */

/* Begin PBXResourcesBuildPhase section */
		6CF6029F3B6E73B538C90D8D /* Resources */ = {
			isa = PBXResourcesBuildPhase;
			buildActionMask = 2147483647;
			files = (
				B313D78914B713A9790D6574 /* Assets.xcassets in Resources */,
				ABDAEE7960F2E604A3FEBEEE /* PrivacyInfo.xcprivacy in Resources */,
				84B430F0F3178703A108A20D /* SleepTokenRunes.ttf in Resources */,
			);
			runOnlyForDeploymentPostprocessing = 0;
		};
		BDC12A3EB2AD8607F6D9C7BB /* Resources */ = {
			isa = PBXResourcesBuildPhase;
			buildActionMask = 2147483647;
			files = (
				84C7D4FF9A9275386565E4E8 /* Assets.xcassets in Resources */,
				1538BBE1F8EF0C458D8C86A5 /* PrivacyInfo.xcprivacy in Resources */,
			);
			runOnlyForDeploymentPostprocessing = 0;
		};
/* End PBXResourcesBuildPhase section */

/* Begin PBXSourcesBuildPhase section */
		2B9710A89399A57C002A8E84 /* Sources */ = {
			isa = PBXSourcesBuildPhase;
			buildActionMask = 2147483647;
			files = (
				1C069107C79837E2C3297973 /* Alphabet.swift in Sources */,
				02855833FFBA19E180125288 /* AlphabetChartView.swift in Sources */,
				A7D6071C57E9C283B268E23D /* ArcadiaRevealView.swift in Sources */,
				29C9189F074AF78A37081F79 /* AutoShift.swift in Sources */,
				731F70195B7F7502E168E1D7 /* Autocapitalization.swift in Sources */,
				F07842098E22FB7E15CC851B /* CapsLockTap.swift in Sources */,
				EB6C02B83B7D5AAE2E33D972 /* ContentView.swift in Sources */,
				C2241404AF7DAC6A05432526 /* EmojiCatalog.swift in Sources */,
				57C6864CA7DA671770FF6B70 /* EnableKeyboardView.swift in Sources */,
				7774E551382872402C4E73B4 /* JerryHunt.swift in Sources */,
				AFE546B98A359326C357659F /* KeyRepeat.swift in Sources */,
				69B673D05FD3441ED63D6FC9 /* KeyboardMetrics.swift in Sources */,
				2DA166D0AFAA8F2AC37E84B5 /* LayoutMode.swift in Sources */,
				79B856FC754A8E36AB4EECE0 /* PeriodShortcut.swift in Sources */,
				331B5919CF2D2F9CBFA2A690 /* ReturnKeyTitle.swift in Sources */,
				F61A8DF54444A92F24AD1B10 /* RuneCanvas.swift in Sources */,
				8CCA69B7F95473DF3EAEF8E0 /* RuneExport.swift in Sources */,
				3F2325A3E90AF4BA0C06004B /* RuneFont.swift in Sources */,
				2DE81F2CF42CF4BE6A64CA7B /* RunePadView.swift in Sources */,
				F574B07F87156C0EDE13C0C4 /* ShiftState.swift in Sources */,
				5497021A6F0AC323C422A947 /* SleepTokenKBApp.swift in Sources */,
				F6A48E898292917D44243D10 /* SpaceTracker.swift in Sources */,
				CCF9E44C714ED245513AB569 /* SpellChecker.swift in Sources */,
				B560ECD3FDBE15A0F6B6BC8D /* Suggestions.swift in Sources */,
				4F9B122D7FBE549ABDC74519 /* SymbolGlyphView.swift in Sources */,
				76BDD0A698E5BCD375F27517 /* Theme.swift in Sources */,
			);
			runOnlyForDeploymentPostprocessing = 0;
		};
		8A4649F911F3CAA0F33EDEED /* Sources */ = {
			isa = PBXSourcesBuildPhase;
			buildActionMask = 2147483647;
			files = (
				7FF7C55EF2E686EBDCCE5C37 /* AlphabetTests.swift in Sources */,
				E94ACC45286AF4F3790D9804 /* AutoShiftTests.swift in Sources */,
				494A9D26090E51A499C6EE23 /* AutocapitalizationTests.swift in Sources */,
				CF02186A21A344E4500C8337 /* CanvasMetricsTests.swift in Sources */,
				575D6680455D83D39675AEDF /* CapsLockTapTests.swift in Sources */,
				AC1A26ED0D8398378F9E5AE0 /* EmojiCatalogTests.swift in Sources */,
				DA5D79D9C79DD6B933A75042 /* JerryHuntTests.swift in Sources */,
				6A04ED7514E76F5FDBB2138A /* KeyRepeatTests.swift in Sources */,
				3D95CE3B4754F38C81174AE8 /* KeyboardLayoutTests.swift in Sources */,
				10C6F47ED4334ADFA54454F7 /* KeyboardMetricsTests.swift in Sources */,
				CCF933829EDB4A1151A60E03 /* KeyboardPreferencesTests.swift in Sources */,
				DCAB232C8F6D8D6F81AE0552 /* LayoutModeTests.swift in Sources */,
				EA042CC99C654D8B7B6EADDD /* PageParityTests.swift in Sources */,
				FF245544F3A2999030474BEC /* PeriodShortcutTests.swift in Sources */,
				86A589639603B13DC7653154 /* ReadableWidthTests.swift in Sources */,
				3E32ACB8A0357F9BF9B701EC /* ReturnKeyTitleTests.swift in Sources */,
				06F3C1E6FB78687C12D35980 /* RuneExportTests.swift in Sources */,
				B2A1A3D335F4B0C06EDAB91B /* RuneFontTests.swift in Sources */,
				D552F6CA2BFC07986E539B0C /* ShiftStateTests.swift in Sources */,
				355E2A621A40DD358C643D33 /* SpaceTrackerTests.swift in Sources */,
				150178E1D5BE55C1EE0DF45B /* SpellCheckerTests.swift in Sources */,
				5F238A4727EE7BDFE2B40C78 /* SuggestionBehaviourTests.swift in Sources */,
				524A5A430813E871860B67DA /* SuggestionsTests.swift in Sources */,
				E02D1A18B5F4B915AE14E8B4 /* ThemeContrastTests.swift in Sources */,
				6F15561AF34EE3F7E4BBB854 /* ThemeTests.swift in Sources */,
			);
			runOnlyForDeploymentPostprocessing = 0;
		};
		E6246C65BDE231794123D9E0 /* Sources */ = {
			isa = PBXSourcesBuildPhase;
			buildActionMask = 2147483647;
			files = (
				A5E548A515A12BDD6257C2A8 /* Alphabet.swift in Sources */,
				BDC6D6F80A76F4E000DCBB0E /* AutoShift.swift in Sources */,
				F2CC7DFCC64884EE7891C849 /* Autocapitalization.swift in Sources */,
				1EA6FFF730429068341BDF00 /* CapsLockTap.swift in Sources */,
				1F0A6E91264D901B1A39145F /* EmojiCatalog.swift in Sources */,
				6C5D10E5FEB1FEE1B9F5A985 /* HostField.swift in Sources */,
				7C166D6DF1651443677250F7 /* KeyPalette.swift in Sources */,
				8CDF1518E5AF4A7B8385C199 /* KeyRepeat.swift in Sources */,
				ECA44F0633E84F25956BC089 /* KeyboardMetrics.swift in Sources */,
				93F1C84E847CB3E7121A9814 /* KeyboardRootView.swift in Sources */,
				09992AB3A35C1B588264CDDF /* KeyboardViewController.swift in Sources */,
				01A2009543D9BA179F37E6F0 /* LayoutMode.swift in Sources */,
				03EB26005A8829D9833BC73E /* PeriodShortcut.swift in Sources */,
				00EF03446C33D104BB5A7987 /* ReturnKeyTitle.swift in Sources */,
				17A9D58D634C22CCD79F2885 /* ShiftState.swift in Sources */,
				DD4214EEAAA250B612B47B23 /* SpaceTracker.swift in Sources */,
				3B1AD544FB9049C01F66D17C /* Suggestions.swift in Sources */,
				E7603E6FDDF6B258CCA53197 /* SymbolGlyphView.swift in Sources */,
			);
			runOnlyForDeploymentPostprocessing = 0;
		};
/* End PBXSourcesBuildPhase section */

/* Begin PBXTargetDependency section */
		630F2F39639F5FB634756251 /* PBXTargetDependency */ = {
			isa = PBXTargetDependency;
			target = C2FCFE85A237CB67B6331672 /* SleepTokenKB */;
			targetProxy = C0A24F49BD015A93A99B65E8 /* PBXContainerItemProxy */;
		};
		FAE9B09F720A976AC4987703 /* PBXTargetDependency */ = {
			isa = PBXTargetDependency;
			target = F5BAE3138B44BE95BB2CCB6E /* SleepTokenKeyboard */;
			targetProxy = F19C6DAD01A4E5D87D857CDB /* PBXContainerItemProxy */;
		};
/* End PBXTargetDependency section */

/* Begin XCBuildConfiguration section */
		04C3021CAEFFB37805FB090E /* Release */ = {
			isa = XCBuildConfiguration;
			buildSettings = {
				ASSETCATALOG_COMPILER_APPICON_NAME = AppIcon;
				CODE_SIGN_ENTITLEMENTS = SleepTokenKB/SleepTokenKB.entitlements;
				CODE_SIGN_IDENTITY = "iPhone Developer";
				GENERATE_INFOPLIST_FILE = NO;
				INFOPLIST_FILE = SleepTokenKB/Info.plist;
				LD_RUNPATH_SEARCH_PATHS = "$(inherited) @executable_path/Frameworks";
				PRODUCT_BUNDLE_IDENTIFIER = ai.altivum.SleepTokenKB;
				SDKROOT = iphoneos;
				TARGETED_DEVICE_FAMILY = "1,2";
			};
			name = Release;
		};
		255CB822BBC0B56BBC76545E /* Debug */ = {
			isa = XCBuildConfiguration;
			buildSettings = {
				ASSETCATALOG_COMPILER_APPICON_NAME = AppIcon;
				CODE_SIGN_ENTITLEMENTS = SleepTokenKB/SleepTokenKB.entitlements;
				CODE_SIGN_IDENTITY = "iPhone Developer";
				GENERATE_INFOPLIST_FILE = NO;
				INFOPLIST_FILE = SleepTokenKB/Info.plist;
				LD_RUNPATH_SEARCH_PATHS = "$(inherited) @executable_path/Frameworks";
				PRODUCT_BUNDLE_IDENTIFIER = ai.altivum.SleepTokenKB;
				SDKROOT = iphoneos;
				TARGETED_DEVICE_FAMILY = "1,2";
			};
			name = Debug;
		};
		74DE3FD2325EDFDEF0C60BB9 /* Release */ = {
			isa = XCBuildConfiguration;
			buildSettings = {
				BUNDLE_LOADER = "$(TEST_HOST)";
				GENERATE_INFOPLIST_FILE = YES;
				LD_RUNPATH_SEARCH_PATHS = (
					"$(inherited)",
					"@executable_path/Frameworks",
					"@loader_path/Frameworks",
				);
				PRODUCT_BUNDLE_IDENTIFIER = ai.altivum.SleepTokenKBTests;
				SDKROOT = iphoneos;
				TARGETED_DEVICE_FAMILY = "1,2";
				TEST_HOST = "$(BUILT_PRODUCTS_DIR)/SleepTokenKB.app/SleepTokenKB";
			};
			name = Release;
		};
		9CB822728B19700B361D31EB /* Release */ = {
			isa = XCBuildConfiguration;
			buildSettings = {
				ALWAYS_SEARCH_USER_PATHS = NO;
				CLANG_ANALYZER_NONNULL = YES;
				CLANG_ANALYZER_NUMBER_OBJECT_CONVERSION = YES_AGGRESSIVE;
				CLANG_CXX_LANGUAGE_STANDARD = "gnu++14";
				CLANG_CXX_LIBRARY = "libc++";
				CLANG_ENABLE_MODULES = YES;
				CLANG_ENABLE_OBJC_ARC = YES;
				CLANG_ENABLE_OBJC_WEAK = YES;
				CLANG_WARN_BLOCK_CAPTURE_AUTORELEASING = YES;
				CLANG_WARN_BOOL_CONVERSION = YES;
				CLANG_WARN_COMMA = YES;
				CLANG_WARN_CONSTANT_CONVERSION = YES;
				CLANG_WARN_DEPRECATED_OBJC_IMPLEMENTATIONS = YES;
				CLANG_WARN_DIRECT_OBJC_ISA_USAGE = YES_ERROR;
				CLANG_WARN_DOCUMENTATION_COMMENTS = YES;
				CLANG_WARN_EMPTY_BODY = YES;
				CLANG_WARN_ENUM_CONVERSION = YES;
				CLANG_WARN_INFINITE_RECURSION = YES;
				CLANG_WARN_INT_CONVERSION = YES;
				CLANG_WARN_NON_LITERAL_NULL_CONVERSION = YES;
				CLANG_WARN_OBJC_IMPLICIT_RETAIN_SELF = YES;
				CLANG_WARN_OBJC_LITERAL_CONVERSION = YES;
				CLANG_WARN_OBJC_ROOT_CLASS = YES_ERROR;
				CLANG_WARN_QUOTED_INCLUDE_IN_FRAMEWORK_HEADER = YES;
				CLANG_WARN_RANGE_LOOP_ANALYSIS = YES;
				CLANG_WARN_STRICT_PROTOTYPES = YES;
				CLANG_WARN_SUSPICIOUS_MOVE = YES;
				CLANG_WARN_UNGUARDED_AVAILABILITY = YES_AGGRESSIVE;
				CLANG_WARN_UNREACHABLE_CODE = YES;
				CLANG_WARN__DUPLICATE_METHOD_MATCH = YES;
				CODE_SIGN_STYLE = Automatic;
				COPY_PHASE_STRIP = NO;
				CURRENT_PROJECT_VERSION = 1;
				DEBUG_INFORMATION_FORMAT = "dwarf-with-dsym";
				DEVELOPMENT_TEAM = SGS94RW73Z;
				ENABLE_NS_ASSERTIONS = NO;
				ENABLE_STRICT_OBJC_MSGSEND = YES;
				GCC_C_LANGUAGE_STANDARD = gnu11;
				GCC_NO_COMMON_BLOCKS = YES;
				GCC_WARN_64_TO_32_BIT_CONVERSION = YES;
				GCC_WARN_ABOUT_RETURN_TYPE = YES_ERROR;
				GCC_WARN_UNDECLARED_SELECTOR = YES;
				GCC_WARN_UNINITIALIZED_AUTOS = YES_AGGRESSIVE;
				GCC_WARN_UNUSED_FUNCTION = YES;
				GCC_WARN_UNUSED_VARIABLE = YES;
				IPHONEOS_DEPLOYMENT_TARGET = 26.5;
				MARKETING_VERSION = 1.0;
				MTL_ENABLE_DEBUG_INFO = NO;
				MTL_FAST_MATH = YES;
				PRODUCT_NAME = "$(TARGET_NAME)";
				SDKROOT = iphoneos;
				SWIFT_COMPILATION_MODE = wholemodule;
				SWIFT_OPTIMIZATION_LEVEL = "-O";
				SWIFT_VERSION = 5.0;
				TARGETED_DEVICE_FAMILY = "1,2";
			};
			name = Release;
		};
		AB25193E914EDD7782E74F42 /* Debug */ = {
			isa = XCBuildConfiguration;
			buildSettings = {
				BUNDLE_LOADER = "$(TEST_HOST)";
				GENERATE_INFOPLIST_FILE = YES;
				LD_RUNPATH_SEARCH_PATHS = (
					"$(inherited)",
					"@executable_path/Frameworks",
					"@loader_path/Frameworks",
				);
				PRODUCT_BUNDLE_IDENTIFIER = ai.altivum.SleepTokenKBTests;
				SDKROOT = iphoneos;
				TARGETED_DEVICE_FAMILY = "1,2";
				TEST_HOST = "$(BUILT_PRODUCTS_DIR)/SleepTokenKB.app/SleepTokenKB";
			};
			name = Debug;
		};
		B33E187CFAEED2ABD9821745 /* Release */ = {
			isa = XCBuildConfiguration;
			buildSettings = {
				CODE_SIGN_ENTITLEMENTS = SleepTokenKeyboard/SleepTokenKeyboard.entitlements;
				GENERATE_INFOPLIST_FILE = NO;
				INFOPLIST_FILE = SleepTokenKeyboard/Info.plist;
				LD_RUNPATH_SEARCH_PATHS = "$(inherited) @executable_path/Frameworks @executable_path/../../Frameworks";
				PRODUCT_BUNDLE_IDENTIFIER = ai.altivum.SleepTokenKB.SleepTokenKeyboard;
				SDKROOT = iphoneos;
				SKIP_INSTALL = YES;
				TARGETED_DEVICE_FAMILY = "1,2";
			};
			name = Release;
		};
		EB18BD0EAF410859CBD08DDE /* Debug */ = {
			isa = XCBuildConfiguration;
			buildSettings = {
				CODE_SIGN_ENTITLEMENTS = SleepTokenKeyboard/SleepTokenKeyboard.entitlements;
				GENERATE_INFOPLIST_FILE = NO;
				INFOPLIST_FILE = SleepTokenKeyboard/Info.plist;
				LD_RUNPATH_SEARCH_PATHS = "$(inherited) @executable_path/Frameworks @executable_path/../../Frameworks";
				PRODUCT_BUNDLE_IDENTIFIER = ai.altivum.SleepTokenKB.SleepTokenKeyboard;
				SDKROOT = iphoneos;
				SKIP_INSTALL = YES;
				TARGETED_DEVICE_FAMILY = "1,2";
			};
			name = Debug;
		};
		EB9C1C2B1F25656B801FDE80 /* Debug */ = {
			isa = XCBuildConfiguration;
			buildSettings = {
				ALWAYS_SEARCH_USER_PATHS = NO;
				CLANG_ANALYZER_NONNULL = YES;
				CLANG_ANALYZER_NUMBER_OBJECT_CONVERSION = YES_AGGRESSIVE;
				CLANG_CXX_LANGUAGE_STANDARD = "gnu++14";
				CLANG_CXX_LIBRARY = "libc++";
				CLANG_ENABLE_MODULES = YES;
				CLANG_ENABLE_OBJC_ARC = YES;
				CLANG_ENABLE_OBJC_WEAK = YES;
				CLANG_WARN_BLOCK_CAPTURE_AUTORELEASING = YES;
				CLANG_WARN_BOOL_CONVERSION = YES;
				CLANG_WARN_COMMA = YES;
				CLANG_WARN_CONSTANT_CONVERSION = YES;
				CLANG_WARN_DEPRECATED_OBJC_IMPLEMENTATIONS = YES;
				CLANG_WARN_DIRECT_OBJC_ISA_USAGE = YES_ERROR;
				CLANG_WARN_DOCUMENTATION_COMMENTS = YES;
				CLANG_WARN_EMPTY_BODY = YES;
				CLANG_WARN_ENUM_CONVERSION = YES;
				CLANG_WARN_INFINITE_RECURSION = YES;
				CLANG_WARN_INT_CONVERSION = YES;
				CLANG_WARN_NON_LITERAL_NULL_CONVERSION = YES;
				CLANG_WARN_OBJC_IMPLICIT_RETAIN_SELF = YES;
				CLANG_WARN_OBJC_LITERAL_CONVERSION = YES;
				CLANG_WARN_OBJC_ROOT_CLASS = YES_ERROR;
				CLANG_WARN_QUOTED_INCLUDE_IN_FRAMEWORK_HEADER = YES;
				CLANG_WARN_RANGE_LOOP_ANALYSIS = YES;
				CLANG_WARN_STRICT_PROTOTYPES = YES;
				CLANG_WARN_SUSPICIOUS_MOVE = YES;
				CLANG_WARN_UNGUARDED_AVAILABILITY = YES_AGGRESSIVE;
				CLANG_WARN_UNREACHABLE_CODE = YES;
				CLANG_WARN__DUPLICATE_METHOD_MATCH = YES;
				CODE_SIGN_STYLE = Automatic;
				COPY_PHASE_STRIP = NO;
				CURRENT_PROJECT_VERSION = 1;
				DEBUG_INFORMATION_FORMAT = dwarf;
				DEVELOPMENT_TEAM = SGS94RW73Z;
				ENABLE_STRICT_OBJC_MSGSEND = YES;
				ENABLE_TESTABILITY = YES;
				GCC_C_LANGUAGE_STANDARD = gnu11;
				GCC_DYNAMIC_NO_PIC = NO;
				GCC_NO_COMMON_BLOCKS = YES;
				GCC_OPTIMIZATION_LEVEL = 0;
				GCC_PREPROCESSOR_DEFINITIONS = (
					"$(inherited)",
					"DEBUG=1",
				);
				GCC_WARN_64_TO_32_BIT_CONVERSION = YES;
				GCC_WARN_ABOUT_RETURN_TYPE = YES_ERROR;
				GCC_WARN_UNDECLARED_SELECTOR = YES;
				GCC_WARN_UNINITIALIZED_AUTOS = YES_AGGRESSIVE;
				GCC_WARN_UNUSED_FUNCTION = YES;
				GCC_WARN_UNUSED_VARIABLE = YES;
				IPHONEOS_DEPLOYMENT_TARGET = 26.5;
				MARKETING_VERSION = 1.0;
				MTL_ENABLE_DEBUG_INFO = INCLUDE_SOURCE;
				MTL_FAST_MATH = YES;
				ONLY_ACTIVE_ARCH = YES;
				PRODUCT_NAME = "$(TARGET_NAME)";
				SDKROOT = iphoneos;
				SWIFT_ACTIVE_COMPILATION_CONDITIONS = DEBUG;
				SWIFT_OPTIMIZATION_LEVEL = "-Onone";
				SWIFT_VERSION = 5.0;
				TARGETED_DEVICE_FAMILY = "1,2";
			};
			name = Debug;
		};
/* End XCBuildConfiguration section */

/* Begin XCConfigurationList section */
		42D5A12BBE87FEED0EC13FBF /* Build configuration list for PBXProject "SleepTokenKB" */ = {
			isa = XCConfigurationList;
			buildConfigurations = (
				EB9C1C2B1F25656B801FDE80 /* Debug */,
				9CB822728B19700B361D31EB /* Release */,
			);
			defaultConfigurationIsVisible = 0;
			defaultConfigurationName = Debug;
		};
		561F2EBCCAC3E9CE2BD14F7A /* Build configuration list for PBXNativeTarget "SleepTokenKB" */ = {
			isa = XCConfigurationList;
			buildConfigurations = (
				255CB822BBC0B56BBC76545E /* Debug */,
				04C3021CAEFFB37805FB090E /* Release */,
			);
			defaultConfigurationIsVisible = 0;
			defaultConfigurationName = Debug;
		};
		64B8370131481BCB959E5678 /* Build configuration list for PBXNativeTarget "SleepTokenKeyboard" */ = {
			isa = XCConfigurationList;
			buildConfigurations = (
				EB18BD0EAF410859CBD08DDE /* Debug */,
				B33E187CFAEED2ABD9821745 /* Release */,
			);
			defaultConfigurationIsVisible = 0;
			defaultConfigurationName = Debug;
		};
		D945B488742276AA5D29E331 /* Build configuration list for PBXNativeTarget "SleepTokenKBTests" */ = {
			isa = XCConfigurationList;
			buildConfigurations = (
				AB25193E914EDD7782E74F42 /* Debug */,
				74DE3FD2325EDFDEF0C60BB9 /* Release */,
			);
			defaultConfigurationIsVisible = 0;
			defaultConfigurationName = Debug;
		};
/* End XCConfigurationList section */
	};
	rootObject = 279A74CD1B308620D2E4D882 /* Project object */;
}
